// !$*UTF8*$!
{
	archiveVersion = 1;
	classes = {
	};
	objectVersion = 46;
	objects = {

/* Begin PBXBuildFile section */
		5230D68F1D08B2ED00853D8F /* AppDelegate.swift in Sources */ = {isa = PBXBuildFile; fileRef = 5230D68E1D08B2ED00853D8F /* AppDelegate.swift */; };
		5230D6911D08B2ED00853D8F /* ViewController.swift in Sources */ = {isa = PBXBuildFile; fileRef = 5230D6901D08B2ED00853D8F /* ViewController.swift */; };
		5230D6941D08B2ED00853D8F /* Main.storyboard in Resources */ = {isa = PBXBuildFile; fileRef = 5230D6921D08B2ED00853D8F /* Main.storyboard */; };
		5230D6971D08B2ED00853D8F /* Swipe_Shake.xcdatamodeld in Sources */ = {isa = PBXBuildFile; fileRef = 5230D6951D08B2ED00853D8F /* Swipe_Shake.xcdatamodeld */; };
		5230D6991D08B2ED00853D8F /* Assets.xcassets in Resources */ = {isa = PBXBuildFile; fileRef = 5230D6981D08B2ED00853D8F /* Assets.xcassets */; };
		5230D69C1D08B2ED00853D8F /* LaunchScreen.storyboard in Resources */ = {isa = PBXBuildFile; fileRef = 5230D69A1D08B2ED00853D8F /* LaunchScreen.storyboard */; };
		5230D6A71D08B2ED00853D8F /* Swipe_ShakeTests.swift in Sources */ = {isa = PBXBuildFile; fileRef = 5230D6A61D08B2ED00853D8F /* Swipe_ShakeTests.swift */; };
/* End PBXBuildFile section */

/* Begin PBXContainerItemProxy section */
		5230D6A31D08B2ED00853D8F /* PBXContainerItemProxy */ = {
			isa = PBXContainerItemProxy;
			containerPortal = 5230D6831D08B2ED00853D8F /* Project object */;
			proxyType = 1;
			remoteGlobalIDString = 5230D68A1D08B2ED00853D8F;
			remoteInfo = "Swipe Shake";
		};
/* End PBXContainerItemProxy section */

/* Begin PBXFileReference section */
		5230D68B1D08B2ED00853D8F /* Swipe Shake.app */ = {isa = PBXFileReference; explicitFileType = wrapper.application; includeInIndex = 0; path = "Swipe Shake.app"; sourceTree = BUILT_PRODUCTS_DIR; };
		5230D68E1D08B2ED00853D8F /* AppDelegate.swift */ = {isa = PBXFileReference; lastKnownFileType = sourcecode.swift; path = AppDelegate.swift; sourceTree = "<group>"; };
		5230D6901D08B2ED00853D8F /* ViewController.swift */ = {isa = PBXFileReference; lastKnownFileType = sourcecode.swift; path = ViewController.swift; sourceTree = "<group>"; };
		5230D6931D08B2ED00853D8F /* Base */ = {isa = PBXFileReference; lastKnownFileType = file.storyboard; name = Base; path = Base.lproj/Main.storyboard; sourceTree = "<group>"; };
		5230D6961D08B2ED00853D8F /* Swipe_Shake.xcdatamodel */ = {isa = PBXFileReference; lastKnownFileType = wrapper.xcdatamodel; path = Swipe_Shake.xcdatamodel; sourceTree = "<group>"; };
		5230D6981D08B2ED00853D8F /* Assets.xcassets */ = {isa = PBXFileReference; lastKnownFileType = folder.assetcatalog; path = Assets.xcassets; sourceTree = "<group>"; };
		5230D69B1D08B2ED00853D8F /* Base */ = {isa = PBXFileReference; lastKnownFileType = file.storyboard; name = Base; path = Base.lproj/LaunchScreen.storyboard; sourceTree = "<group>"; };
		5230D69D1D08B2ED00853D8F /* Info.plist */ = {isa = PBXFileReference; lastKnownFileType = text.plist.xml; path = Info.plist; sourceTree = "<group>"; };
		5230D6A21D08B2ED00853D8F /* Swipe ShakeTests.xctest */ = {isa = PBXFileReference; explicitFileType = wrapper.cfbundle; includeInIndex = 0; path = "Swipe ShakeTests.xctest"; sourceTree = BUILT_PRODUCTS_DIR; };
		5230D6A61D08B2ED00853D8F /* Swipe_ShakeTests.swift */ = {isa = PBXFileReference; lastKnownFileType = sourcecode.swift; path = Swipe_ShakeTests.swift; sourceTree = "<group>"; };
		5230D6A81D08B2ED00853D8F /* Info.plist */ = {isa = PBXFileReference; lastKnownFileType = text.plist.xml; path = Info.plist; sourceTree = "<group>"; };
/* End PBXFileReference section */

/* Begin PBXFrameworksBuildPhase section */
		5230D6881D08B2ED00853D8F /* Frameworks */ = {
			isa = PBXFrameworksBuildPhase;
			buildActionMask = 2147483647;
			files = (
			);
			runOnlyForDeploymentPostprocessing = 0;
		};
		5230D69F1D08B2ED00853D8F /* Frameworks */ = {
			isa = PBXFrameworksBuildPhase;
			buildActionMask = 2147483647;
			files = (
			);
			runOnlyForDeploymentPostprocessing = 0;
		};
/* End PBXFrameworksBuildPhase section */

/* Begin PBXGroup section */
		5230D6821D08B2ED00853D8F = {
			isa = PBXGroup;
			children = (
				5230D68D1D08B2ED00853D8F /* Swipe Shake */,
				5230D6A51D08B2ED00853D8F /* Swipe ShakeTests */,
				5230D68C1D08B2ED00853D8F /* Products */,
			);
			sourceTree = "<group>";
		};
		5230D68C1D08B2ED00853D8F /* Products */ = {
			isa = PBXGroup;
			children = (
				5230D68B1D08B2ED00853D8F /* Swipe Shake.app */,
				5230D6A21D08B2ED00853D8F /* Swipe ShakeTests.xctest */,
			);
			name = Products;
			sourceTree = "<group>";
		};
		5230D68D1D08B2ED00853D8F /* Swipe Shake */ = {
			isa = PBXGroup;
			children = (
				5230D68E1D08B2ED00853D8F /* AppDelegate.swift */,
				5230D6901D08B2ED00853D8F /* ViewController.swift */,
				5230D6921D08B2ED00853D8F /* Main.storyboard */,
				5230D6981D08B2ED00853D8F /* Assets.xcassets */,
				5230D69A1D08B2ED00853D8F /* LaunchScreen.storyboard */,
				5230D69D1D08B2ED00853D8F /* Info.plist */,
				5230D6951D08B2ED00853D8F /* Swipe_Shake.xcdatamodeld */,
			);
			path = "Swipe Shake";
			sourceTree = "<group>";
		};
		5230D6A51D08B2ED00853D8F /* Swipe ShakeTests */ = {
			isa = PBXGroup;
			children = (
				5230D6A61D08B2ED00853D8F /* Swipe_ShakeTests.swift */,
				5230D6A81D08B2ED00853D8F /* Info.plist */,
			);
			path = "Swipe ShakeTests";
			sourceTree = "<group>";
		};
/* End PBXGroup section */

/* Begin PBXNativeTarget section */
		5230D68A1D08B2ED00853D8F /* Swipe Shake */ = {
			isa = PBXNativeTarget;
			buildConfigurationList = 5230D6AB1D08B2ED00853D8F /* Build configuration list for PBXNativeTarget "Swipe Shake" */;
			buildPhases = (
				5230D6871D08B2ED00853D8F /* Sources */,
				5230D6881D08B2ED00853D8F /* Frameworks */,
				5230D6891D08B2ED00853D8F /* Resources */,
			);
			buildRules = (
			);
			dependencies = (
			);
			name = "Swipe Shake";
			productName = "Swipe Shake";
			productReference = 5230D68B1D08B2ED00853D8F /* Swipe Shake.app */;
			productType = "com.apple.product-type.application";
		};
		5230D6A11D08B2ED00853D8F /* Swipe ShakeTests */ = {
			isa = PBXNativeTarget;
			buildConfigurationList = 5230D6AE1D08B2ED00853D8F /* Build configuration list for PBXNativeTarget "Swipe ShakeTests" */;
			buildPhases = (
				5230D69E1D08B2ED00853D8F /* Sources */,
				5230D69F1D08B2ED00853D8F /* Frameworks */,
				5230D6A01D08B2ED00853D8F /* Resources */,
			);
			buildRules = (
			);
			dependencies = (
				5230D6A41D08B2ED00853D8F /* PBXTargetDependency */,
			);
			name = "Swipe ShakeTests";
			productName = "Swipe ShakeTests";
			productReference = 5230D6A21D08B2ED00853D8F /* Swipe ShakeTests.xctest */;
			productType = "com.apple.product-type.bundle.unit-test";
		};
/* End PBXNativeTarget section */

/* Begin PBXProject section */
		5230D6831D08B2ED00853D8F /* Project object */ = {
			isa = PBXProject;
			attributes = {
				LastSwiftUpdateCheck = 0730;
				LastUpgradeCheck = 0730;
				ORGANIZATIONNAME = "Nelson Wu";
				TargetAttributes = {
					5230D68A1D08B2ED00853D8F = {
						CreatedOnToolsVersion = 7.3;
					};
					5230D6A11D08B2ED00853D8F = {
						CreatedOnToolsVersion = 7.3;
						TestTargetID = 5230D68A1D08B2ED00853D8F;
					};
				};
			};
			buildConfigurationList = 5230D6861D08B2ED00853D8F /* Build configuration list for PBXProject "Swipe Shake" */;
			compatibilityVersion = "Xcode 3.2";
			developmentRegion = English;
			hasScannedForEncodings = 0;
			knownRegions = (
				en,
				Base,
			);
			mainGroup = 5230D6821D08B2ED00853D8F;
			productRefGroup = 5230D68C1D08B2ED00853D8F /* Products */;
			projectDirPath = "";
			projectRoot = "";
			targets = (
				5230D68A1D08B2ED00853D8F /* Swipe Shake */,
				5230D6A11D08B2ED00853D8F /* Swipe ShakeTests */,
			);
		};
/* End PBXProject section */

/* Begin PBXResourcesBuildPhase section */
		5230D6891D08B2ED00853D8F /* Resources */ = {
			isa = PBXResourcesBuildPhase;
			buildActionMask = 2147483647;
			files = (
				5230D69C1D08B2ED00853D8F /* LaunchScreen.storyboard in Resources */,
				5230D6991D08B2ED00853D8F /* Assets.xcassets in Resources */,
				5230D6941D08B2ED00853D8F /* Main.storyboard in Resources */,
			);
			runOnlyForDeploymentPostprocessing = 0;
		};
		5230D6A01D08B2ED00853D8F /* Resources */ = {
			isa = PBXResourcesBuildPhase;
			buildActionMask = 2147483647;
			files = (
			);
			runOnlyForDeploymentPostprocessing = 0;
		};
/* End PBXResourcesBuildPhase section */

/* Begin PBXSourcesBuildPhase section */
		5230D6871D08B2ED00853D8F /* Sources */ = {
			isa = PBXSourcesBuildPhase;
			buildActionMask = 2147483647;
			files = (
				5230D6911D08B2ED00853D8F /* ViewController.swift in Sources */,
				5230D6971D08B2ED00853D8F /* Swipe_Shake.xcdatamodeld in Sources */,
				5230D68F1D08B2ED00853D8F /* AppDelegate.swift in Sources */,
			);
			runOnlyForDeploymentPostprocessing = 0;
		};
		5230D69E1D08B2ED00853D8F /* Sources */ = {
			isa = PBXSourcesBuildPhase;
			buildActionMask = 2147483647;
			files = (
				5230D6A71D08B2ED00853D8F /* Swipe_ShakeTests.swift in Sources */,
			);
			runOnlyForDeploymentPostprocessing = 0;
		};
/* End PBXSourcesBuildPhase section */

/* Begin PBXTargetDependency section */
		5230D6A41D08B2ED00853D8F /* PBXTargetDependency */ = {
			isa = PBXTargetDependency;
			target = 5230D68A1D08B2ED00853D8F /* Swipe Shake */;
			targetProxy = 5230D6A31D08B2ED00853D8F /* PBXContainerItemProxy */;
		};
/* End PBXTargetDependency section */

/* Begin PBXVariantGroup section */
		5230D6921D08B2ED00853D8F /* Main.storyboard */ = {
			isa = PBXVariantGroup;
			children = (
				5230D6931D08B2ED00853D8F /* Base */,
			);
			name = Main.storyboard;
			sourceTree = "<group>";
		};
		5230D69A1D08B2ED00853D8F /* LaunchScreen.storyboard */ = {
			isa = PBXVariantGroup;
			children = (
				5230D69B1D08B2ED00853D8F /* Base */,
			);
			name = LaunchScreen.storyboard;
			sourceTree = "<group>";
		};
/* End PBXVariantGroup section */

/* Begin XCBuildConfiguration section */
		5230D6A91D08B2ED00853D8F /* Debug */ = {
			isa = XCBuildConfiguration;
			buildSettings = {
				ALWAYS_SEARCH_USER_PATHS = NO;
				CLANG_ANALYZER_NONNULL = YES;
				CLANG_CXX_LANGUAGE_STANDARD = "gnu++0x";
				CLANG_CXX_LIBRARY = "libc++";
				CLANG_ENABLE_MODULES = YES;
				CLANG_ENABLE_OBJC_ARC = YES;
				CLANG_WARN_BOOL_CONVERSION = YES;
				CLANG_WARN_CONSTANT_CONVERSION = YES;
				CLANG_WARN_DIRECT_OBJC_ISA_USAGE = YES_ERROR;
				CLANG_WARN_EMPTY_BODY = YES;
				CLANG_WARN_ENUM_CONVERSION = YES;
				CLANG_WARN_INT_CONVERSION = YES;
				CLANG_WARN_OBJC_ROOT_CLASS = YES_ERROR;
				CLANG_WARN_UNREACHABLE_CODE = YES;
				CLANG_WARN__DUPLICATE_METHOD_MATCH = YES;
				"CODE_SIGN_IDENTITY[sdk=iphoneos*]" = "iPhone Developer";
				COPY_PHASE_STRIP = NO;
				DEBUG_INFORMATION_FORMAT = dwarf;
				ENABLE_STRICT_OBJC_MSGSEND = YES;
				ENABLE_TESTABILITY = YES;
				GCC_C_LANGUAGE_STANDARD = gnu99;
				GCC_DYNAMIC_NO_PIC = NO;
				GCC_NO_COMMON_BLOCKS = YES;
				GCC_OPTIMIZATION_LEVEL = 0;
				GCC_PREPROCESSOR_DEFINITIONS = (
					"DEBUG=1",
					"$(inherited)",
				);
				GCC_WARN_64_TO_32_BIT_CONVERSION = YES;
				GCC_WARN_ABOUT_RETURN_TYPE = YES_ERROR;
				GCC_WARN_UNDECLARED_SELECTOR = YES;
				GCC_WARN_UNINITIALIZED_AUTOS = YES_AGGRESSIVE;
				GCC_WARN_UNUSED_FUNCTION = YES;
				GCC_WARN_UNUSED_VARIABLE = YES;
				IPHONEOS_DEPLOYMENT_TARGET = 9.3;
				MTL_ENABLE_DEBUG_INFO = YES;
				ONLY_ACTIVE_ARCH = YES;
				SDKROOT = iphoneos;
				SWIFT_OPTIMIZATION_LEVEL = "-Onone";
				TARGETED_DEVICE_FAMILY = "1,2";
			};
			name = Debug;
		};
		5230D6AA1D08B2ED00853D8F /* Release */ = {
			isa = XCBuildConfiguration;
			buildSettings = {
				ALWAYS_SEARCH_USER_PATHS = NO;
				CLANG_ANALYZER_NONNULL = YES;
				CLANG_CXX_LANGUAGE_STANDARD = "gnu++0x";
				CLANG_CXX_LIBRARY = "libc++";
				CLANG_ENABLE_MODULES = YES;
				CLANG_ENABLE_OBJC_ARC = YES;
				CLANG_WARN_BOOL_CONVERSION = YES;
				CLANG_WARN_CONSTANT_CONVERSION = YES;
				CLANG_WARN_DIRECT_OBJC_ISA_USAGE = YES_ERROR;
				CLANG_WARN_EMPTY_BODY = YES;
				CLANG_WARN_ENUM_CONVERSION = YES;
				CLANG_WARN_INT_CONVERSION = YES;
				CLANG_WARN_OBJC_ROOT_CLASS = YES_ERROR;
				CLANG_WARN_UNREACHABLE_CODE = YES;
				CLANG_WARN__DUPLICATE_METHOD_MATCH = YES;
				"CODE_SIGN_IDENTITY[sdk=iphoneos*]" = "iPhone Developer";
				COPY_PHASE_STRIP = NO;
				DEBUG_INFORMATION_FORMAT = "dwarf-with-dsym";
				ENABLE_NS_ASSERTIONS = NO;
				ENABLE_STRICT_OBJC_MSGSEND = YES;
				GCC_C_LANGUAGE_STANDARD = gnu99;
				GCC_NO_COMMON_BLOCKS = YES;
				GCC_WARN_64_TO_32_BIT_CONVERSION = YES;
				GCC_WARN_ABOUT_RETURN_TYPE = YES_ERROR;
				GCC_WARN_UNDECLARED_SELECTOR = YES;
				GCC_WARN_UNINITIALIZED_AUTOS = YES_AGGRESSIVE;
				GCC_WARN_UNUSED_FUNCTION = YES;
				GCC_WARN_UNUSED_VARIABLE = YES;
				IPHONEOS_DEPLOYMENT_TARGET = 9.3;
				MTL_ENABLE_DEBUG_INFO = NO;
				SDKROOT = iphoneos;
				TARGETED_DEVICE_FAMILY = "1,2";
				VALIDATE_PRODUCT = YES;
			};
			name = Release;
		};
		5230D6AC1D08B2ED00853D8F /* Debug */ = {
			isa = XCBuildConfiguration;
			buildSettings = {
				ASSETCATALOG_COMPILER_APPICON_NAME = AppIcon;
				INFOPLIST_FILE = "Swipe Shake/Info.plist";
				LD_RUNPATH_SEARCH_PATHS = "$(inherited) @executable_path/Frameworks";
				PRODUCT_BUNDLE_IDENTIFIER = "ca.advect.Swipe-Shake";
				PRODUCT_NAME = "$(TARGET_NAME)";
			};
			name = Debug;
		};
		5230D6AD1D08B2ED00853D8F /* Release */ = {
			isa = XCBuildConfiguration;
			buildSettings = {
				ASSETCATALOG_COMPILER_APPICON_NAME = AppIcon;
				INFOPLIST_FILE = "Swipe Shake/Info.plist";
				LD_RUNPATH_SEARCH_PATHS = "$(inherited) @executable_path/Frameworks";
				PRODUCT_BUNDLE_IDENTIFIER = "ca.advect.Swipe-Shake";
				PRODUCT_NAME = "$(TARGET_NAME)";
			};
			name = Release;
		};
		5230D6AF1D08B2ED00853D8F /* Debug */ = {
			isa = XCBuildConfiguration;
			buildSettings = {
				BUNDLE_LOADER = "$(TEST_HOST)";
				INFOPLIST_FILE = "Swipe ShakeTests/Info.plist";
				LD_RUNPATH_SEARCH_PATHS = "$(inherited) @executable_path/Frameworks @loader_path/Frameworks";
				PRODUCT_BUNDLE_IDENTIFIER = "ca.advect.Swipe-ShakeTests";
				PRODUCT_NAME = "$(TARGET_NAME)";
				TEST_HOST = "$(BUILT_PRODUCTS_DIR)/Swipe Shake.app/Swipe Shake";
			};
			name = Debug;
		};
		5230D6B01D08B2ED00853D8F /* Release */ = {
			isa = XCBuildConfiguration;
			buildSettings = {
				BUNDLE_LOADER = "$(TEST_HOST)";
				INFOPLIST_FILE = "Swipe ShakeTests/Info.plist";
				LD_RUNPATH_SEARCH_PATHS = "$(inherited) @executable_path/Frameworks @loader_path/Frameworks";
				PRODUCT_BUNDLE_IDENTIFIER = "ca.advect.Swipe-ShakeTests";
				PRODUCT_NAME = "$(TARGET_NAME)";
				TEST_HOST = "$(BUILT_PRODUCTS_DIR)/Swipe Shake.app/Swipe Shake";
			};
			name = Release;
		};
/* End XCBuildConfiguration section */

/* Begin XCConfigurationList section */
		5230D6861D08B2ED00853D8F /* Build configuration list for PBXProject "Swipe Shake" */ = {
			isa = XCConfigurationList;
			buildConfigurations = (
				5230D6A91D08B2ED00853D8F /* Debug */,
				5230D6AA1D08B2ED00853D8F /* Release */,
			);
			defaultConfigurationIsVisible = 0;
			defaultConfigurationName = Release;
		};
		5230D6AB1D08B2ED00853D8F /* Build configuration list for PBXNativeTarget "Swipe Shake" */ = {
			isa = XCConfigurationList;
			buildConfigurations = (
				5230D6AC1D08B2ED00853D8F /* Debug */,
				5230D6AD1D08B2ED00853D8F /* Release */,
			);
			defaultConfigurationIsVisible = 0;
		};
		5230D6AE1D08B2ED00853D8F /* Build configuration list for PBXNativeTarget "Swipe ShakeTests" */ = {
			isa = XCConfigurationList;
			buildConfigurations = (
				5230D6AF1D08B2ED00853D8F /* Debug */,
				5230D6B01D08B2ED00853D8F /* Release */,
			);
			defaultConfigurationIsVisible = 0;
		};
/* End XCConfigurationList section */

/* Begin XCVersionGroup section */
		5230D6951D08B2ED00853D8F /* Swipe_Shake.xcdatamodeld */ = {
			isa = XCVersionGroup;
			children = (
				5230D6961D08B2ED00853D8F /* Swipe_Shake.xcdatamodel */,
			);
			currentVersion = 5230D6961D08B2ED00853D8F /* Swipe_Shake.xcdatamodel */;
			path = Swipe_Shake.xcdatamodeld;
			sourceTree = "<group>";
			versionGroupType = wrapper.xcdatamodel;
		};
/* End XCVersionGroup section */
	};
	rootObject = 5230D6831D08B2ED00853D8F /* Project object */;
}
