// !$*UTF8*$!
{
	archiveVersion = 1;
	classes = {
	};
	objectVersion = 46;
	objects = {

/* Begin PBXBuildFile section */
		52AF98E31D074FF4005C51F7 /* AppDelegate.swift in Sources */ = {isa = PBXBuildFile; fileRef = 52AF98E21D074FF4005C51F7 /* AppDelegate.swift */; };
		52AF98E51D074FF4005C51F7 /* ViewController.swift in Sources */ = {isa = PBXBuildFile; fileRef = 52AF98E41D074FF4005C51F7 /* ViewController.swift */; };
		52AF98E81D074FF4005C51F7 /* Main.storyboard in Resources */ = {isa = PBXBuildFile; fileRef = 52AF98E61D074FF4005C51F7 /* Main.storyboard */; };
		52AF98EB1D074FF4005C51F7 /* Tic_Tac_Toe.xcdatamodeld in Sources */ = {isa = PBXBuildFile; fileRef = 52AF98E91D074FF4005C51F7 /* Tic_Tac_Toe.xcdatamodeld */; };
		52AF98ED1D074FF4005C51F7 /* Assets.xcassets in Resources */ = {isa = PBXBuildFile; fileRef = 52AF98EC1D074FF4005C51F7 /* Assets.xcassets */; };
		52AF98F01D074FF4005C51F7 /* LaunchScreen.storyboard in Resources */ = {isa = PBXBuildFile; fileRef = 52AF98EE1D074FF4005C51F7 /* LaunchScreen.storyboard */; };
		52AF98FB1D074FF4005C51F7 /* Tic_Tac_ToeTests.swift in Sources */ = {isa = PBXBuildFile; fileRef = 52AF98FA1D074FF4005C51F7 /* Tic_Tac_ToeTests.swift */; };
/* End PBXBuildFile section */

/* Begin PBXContainerItemProxy section */
		52AF98F71D074FF4005C51F7 /* PBXContainerItemProxy */ = {
			isa = PBXContainerItemProxy;
			containerPortal = 52AF98D71D074FF4005C51F7 /* Project object */;
			proxyType = 1;
			remoteGlobalIDString = 52AF98DE1D074FF4005C51F7;
			remoteInfo = "Tic Tac Toe";
		};
/* End PBXContainerItemProxy section */

/* Begin PBXFileReference section */
		52AF98DF1D074FF4005C51F7 /* Tic Tac Toe.app */ = {isa = PBXFileReference; explicitFileType = wrapper.application; includeInIndex = 0; path = "Tic Tac Toe.app"; sourceTree = BUILT_PRODUCTS_DIR; };
		52AF98E21D074FF4005C51F7 /* AppDelegate.swift */ = {isa = PBXFileReference; lastKnownFileType = sourcecode.swift; path = AppDelegate.swift; sourceTree = "<group>"; };
		52AF98E41D074FF4005C51F7 /* ViewController.swift */ = {isa = PBXFileReference; lastKnownFileType = sourcecode.swift; path = ViewController.swift; sourceTree = "<group>"; };
		52AF98E71D074FF4005C51F7 /* Base */ = {isa = PBXFileReference; lastKnownFileType = file.storyboard; name = Base; path = Base.lproj/Main.storyboard; sourceTree = "<group>"; };
		52AF98EA1D074FF4005C51F7 /* Tic_Tac_Toe.xcdatamodel */ = {isa = PBXFileReference; lastKnownFileType = wrapper.xcdatamodel; path = Tic_Tac_Toe.xcdatamodel; sourceTree = "<group>"; };
		52AF98EC1D074FF4005C51F7 /* Assets.xcassets */ = {isa = PBXFileReference; lastKnownFileType = folder.assetcatalog; path = Assets.xcassets; sourceTree = "<group>"; };
		52AF98EF1D074FF4005C51F7 /* Base */ = {isa = PBXFileReference; lastKnownFileType = file.storyboard; name = Base; path = Base.lproj/LaunchScreen.storyboard; sourceTree = "<group>"; };
		52AF98F11D074FF4005C51F7 /* Info.plist */ = {isa = PBXFileReference; lastKnownFileType = text.plist.xml; path = Info.plist; sourceTree = "<group>"; };
		52AF98F61D074FF4005C51F7 /* Tic Tac ToeTests.xctest */ = {isa = PBXFileReference; explicitFileType = wrapper.cfbundle; includeInIndex = 0; path = "Tic Tac ToeTests.xctest"; sourceTree = BUILT_PRODUCTS_DIR; };
		52AF98FA1D074FF4005C51F7 /* Tic_Tac_ToeTests.swift */ = {isa = PBXFileReference; lastKnownFileType = sourcecode.swift; path = Tic_Tac_ToeTests.swift; sourceTree = "<group>"; };
		52AF98FC1D074FF4005C51F7 /* Info.plist */ = {isa = PBXFileReference; lastKnownFileType = text.plist.xml; path = Info.plist; sourceTree = "<group>"; };
/* End PBXFileReference section */

/* Begin PBXFrameworksBuildPhase section */
		52AF98DC1D074FF4005C51F7 /* Frameworks */ = {
			isa = PBXFrameworksBuildPhase;
			buildActionMask = 2147483647;
			files = (
			);
			runOnlyForDeploymentPostprocessing = 0;
		};
		52AF98F31D074FF4005C51F7 /* Frameworks */ = {
			isa = PBXFrameworksBuildPhase;
			buildActionMask = 2147483647;
			files = (
			);
			runOnlyForDeploymentPostprocessing = 0;
		};
/* End PBXFrameworksBuildPhase section */

/* Begin PBXGroup section */
		52AF98D61D074FF4005C51F7 = {
			isa = PBXGroup;
			children = (
				52AF98E11D074FF4005C51F7 /* Tic Tac Toe */,
				52AF98F91D074FF4005C51F7 /* Tic Tac ToeTests */,
				52AF98E01D074FF4005C51F7 /* Products */,
			);
			sourceTree = "<group>";
		};
		52AF98E01D074FF4005C51F7 /* Products */ = {
			isa = PBXGroup;
			children = (
				52AF98DF1D074FF4005C51F7 /* Tic Tac Toe.app */,
				52AF98F61D074FF4005C51F7 /* Tic Tac ToeTests.xctest */,
			);
			name = Products;
			sourceTree = "<group>";
		};
		52AF98E11D074FF4005C51F7 /* Tic Tac Toe */ = {
			isa = PBXGroup;
			children = (
				52AF98E21D074FF4005C51F7 /* AppDelegate.swift */,
				52AF98E41D074FF4005C51F7 /* ViewController.swift */,
				52AF98E61D074FF4005C51F7 /* Main.storyboard */,
				52AF98EC1D074FF4005C51F7 /* Assets.xcassets */,
				52AF98EE1D074FF4005C51F7 /* LaunchScreen.storyboard */,
				52AF98F11D074FF4005C51F7 /* Info.plist */,
				52AF98E91D074FF4005C51F7 /* Tic_Tac_Toe.xcdatamodeld */,
			);
			path = "Tic Tac Toe";
			sourceTree = "<group>";
		};
		52AF98F91D074FF4005C51F7 /* Tic Tac ToeTests */ = {
			isa = PBXGroup;
			children = (
				52AF98FA1D074FF4005C51F7 /* Tic_Tac_ToeTests.swift */,
				52AF98FC1D074FF4005C51F7 /* Info.plist */,
			);
			path = "Tic Tac ToeTests";
			sourceTree = "<group>";
		};
/* End PBXGroup section */

/* Begin PBXNativeTarget section */
		52AF98DE1D074FF4005C51F7 /* Tic Tac Toe */ = {
			isa = PBXNativeTarget;
			buildConfigurationList = 52AF98FF1D074FF4005C51F7 /* Build configuration list for PBXNativeTarget "Tic Tac Toe" */;
			buildPhases = (
				52AF98DB1D074FF4005C51F7 /* Sources */,
				52AF98DC1D074FF4005C51F7 /* Frameworks */,
				52AF98DD1D074FF4005C51F7 /* Resources */,
			);
			buildRules = (
			);
			dependencies = (
			);
			name = "Tic Tac Toe";
			productName = "Tic Tac Toe";
			productReference = 52AF98DF1D074FF4005C51F7 /* Tic Tac Toe.app */;
			productType = "com.apple.product-type.application";
		};
		52AF98F51D074FF4005C51F7 /* Tic Tac ToeTests */ = {
			isa = PBXNativeTarget;
			buildConfigurationList = 52AF99021D074FF4005C51F7 /* Build configuration list for PBXNativeTarget "Tic Tac ToeTests" */;
			buildPhases = (
				52AF98F21D074FF4005C51F7 /* Sources */,
				52AF98F31D074FF4005C51F7 /* Frameworks */,
				52AF98F41D074FF4005C51F7 /* Resources */,
			);
			buildRules = (
			);
			dependencies = (
				52AF98F81D074FF4005C51F7 /* PBXTargetDependency */,
			);
			name = "Tic Tac ToeTests";
			productName = "Tic Tac ToeTests";
			productReference = 52AF98F61D074FF4005C51F7 /* Tic Tac ToeTests.xctest */;
			productType = "com.apple.product-type.bundle.unit-test";
		};
/* End PBXNativeTarget section */

/* Begin PBXProject section */
		52AF98D71D074FF4005C51F7 /* Project object */ = {
			isa = PBXProject;
			attributes = {
				LastSwiftUpdateCheck = 0730;
				LastUpgradeCheck = 0730;
				ORGANIZATIONNAME = "Nelson Wu";
				TargetAttributes = {
					52AF98DE1D074FF4005C51F7 = {
						CreatedOnToolsVersion = 7.3;
					};
					52AF98F51D074FF4005C51F7 = {
						CreatedOnToolsVersion = 7.3;
						TestTargetID = 52AF98DE1D074FF4005C51F7;
					};
				};
			};
			buildConfigurationList = 52AF98DA1D074FF4005C51F7 /* Build configuration list for PBXProject "Tic Tac Toe" */;
			compatibilityVersion = "Xcode 3.2";
			developmentRegion = English;
			hasScannedForEncodings = 0;
			knownRegions = (
				en,
				Base,
			);
			mainGroup = 52AF98D61D074FF4005C51F7;
			productRefGroup = 52AF98E01D074FF4005C51F7 /* Products */;
			projectDirPath = "";
			projectRoot = "";
			targets = (
				52AF98DE1D074FF4005C51F7 /* Tic Tac Toe */,
				52AF98F51D074FF4005C51F7 /* Tic Tac ToeTests */,
			);
		};
/* End PBXProject section */

/* Begin PBXResourcesBuildPhase section */
		52AF98DD1D074FF4005C51F7 /* Resources */ = {
			isa = PBXResourcesBuildPhase;
			buildActionMask = 2147483647;
			files = (
				52AF98F01D074FF4005C51F7 /* LaunchScreen.storyboard in Resources */,
				52AF98ED1D074FF4005C51F7 /* Assets.xcassets in Resources */,
				52AF98E81D074FF4005C51F7 /* Main.storyboard in Resources */,
			);
			runOnlyForDeploymentPostprocessing = 0;
		};
		52AF98F41D074FF4005C51F7 /* Resources */ = {
			isa = PBXResourcesBuildPhase;
			buildActionMask = 2147483647;
			files = (
			);
			runOnlyForDeploymentPostprocessing = 0;
		};
/* End PBXResourcesBuildPhase section */

/* Begin PBXSourcesBuildPhase section */
		52AF98DB1D074FF4005C51F7 /* Sources */ = {
			isa = PBXSourcesBuildPhase;
			buildActionMask = 2147483647;
			files = (
				52AF98EB1D074FF4005C51F7 /* Tic_Tac_Toe.xcdatamodeld in Sources */,
				52AF98E51D074FF4005C51F7 /* ViewController.swift in Sources */,
				52AF98E31D074FF4005C51F7 /* AppDelegate.swift in Sources */,
			);
			runOnlyForDeploymentPostprocessing = 0;
		};
		52AF98F21D074FF4005C51F7 /* Sources */ = {
			isa = PBXSourcesBuildPhase;
			buildActionMask = 2147483647;
			files = (
				52AF98FB1D074FF4005C51F7 /* Tic_Tac_ToeTests.swift in Sources */,
			);
			runOnlyForDeploymentPostprocessing = 0;
		};
/* End PBXSourcesBuildPhase section */

/* Begin PBXTargetDependency section */
		52AF98F81D074FF4005C51F7 /* PBXTargetDependency */ = {
			isa = PBXTargetDependency;
			target = 52AF98DE1D074FF4005C51F7 /* Tic Tac Toe */;
			targetProxy = 52AF98F71D074FF4005C51F7 /* PBXContainerItemProxy */;
		};
/* End PBXTargetDependency section */

/* Begin PBXVariantGroup section */
		52AF98E61D074FF4005C51F7 /* Main.storyboard */ = {
			isa = PBXVariantGroup;
			children = (
				52AF98E71D074FF4005C51F7 /* Base */,
			);
			name = Main.storyboard;
			sourceTree = "<group>";
		};
		52AF98EE1D074FF4005C51F7 /* LaunchScreen.storyboard */ = {
			isa = PBXVariantGroup;
			children = (
				52AF98EF1D074FF4005C51F7 /* Base */,
			);
			name = LaunchScreen.storyboard;
			sourceTree = "<group>";
		};
/* End PBXVariantGroup section */

/* Begin XCBuildConfiguration section */
		52AF98FD1D074FF4005C51F7 /* Debug */ = {
			isa = XCBuildConfiguration;
			buildSettings = {
				ALWAYS_SEARCH_USER_PATHS = NO;
				CLANG_ANALYZER_NONNULL = YES;
				CLANG_CXX_LANGUAGE_STANDARD = "gnu++0x";
				CLANG_CXX_LIBRARY = "libc++";
				CLANG_ENABLE_MODULES = YES;
				CLANG_ENABLE_OBJC_ARC = YES;
				CLANG_WARN_BOOL_CONVERSION = YES;
				CLANG_WARN_CONSTANT_CONVERSION = YES;
				CLANG_WARN_DIRECT_OBJC_ISA_USAGE = YES_ERROR;
				CLANG_WARN_EMPTY_BODY = YES;
				CLANG_WARN_ENUM_CONVERSION = YES;
				CLANG_WARN_INT_CONVERSION = YES;
				CLANG_WARN_OBJC_ROOT_CLASS = YES_ERROR;
				CLANG_WARN_UNREACHABLE_CODE = YES;
				CLANG_WARN__DUPLICATE_METHOD_MATCH = YES;
				"CODE_SIGN_IDENTITY[sdk=iphoneos*]" = "iPhone Developer";
				COPY_PHASE_STRIP = NO;
				DEBUG_INFORMATION_FORMAT = dwarf;
				ENABLE_STRICT_OBJC_MSGSEND = YES;
				ENABLE_TESTABILITY = YES;
				GCC_C_LANGUAGE_STANDARD = gnu99;
				GCC_DYNAMIC_NO_PIC = NO;
				GCC_NO_COMMON_BLOCKS = YES;
				GCC_OPTIMIZATION_LEVEL = 0;
				GCC_PREPROCESSOR_DEFINITIONS = (
					"DEBUG=1",
					"$(inherited)",
				);
				GCC_WARN_64_TO_32_BIT_CONVERSION = YES;
				GCC_WARN_ABOUT_RETURN_TYPE = YES_ERROR;
				GCC_WARN_UNDECLARED_SELECTOR = YES;
				GCC_WARN_UNINITIALIZED_AUTOS = YES_AGGRESSIVE;
				GCC_WARN_UNUSED_FUNCTION = YES;
				GCC_WARN_UNUSED_VARIABLE = YES;
				IPHONEOS_DEPLOYMENT_TARGET = 9.3;
				MTL_ENABLE_DEBUG_INFO = YES;
				ONLY_ACTIVE_ARCH = YES;
				SDKROOT = iphoneos;
				SWIFT_OPTIMIZATION_LEVEL = "-Onone";
				TARGETED_DEVICE_FAMILY = "1,2";
			};
			name = Debug;
		};
		52AF98FE1D074FF4005C51F7 /* Release */ = {
			isa = XCBuildConfiguration;
			buildSettings = {
				ALWAYS_SEARCH_USER_PATHS = NO;
				CLANG_ANALYZER_NONNULL = YES;
				CLANG_CXX_LANGUAGE_STANDARD = "gnu++0x";
				CLANG_CXX_LIBRARY = "libc++";
				CLANG_ENABLE_MODULES = YES;
				CLANG_ENABLE_OBJC_ARC = YES;
				CLANG_WARN_BOOL_CONVERSION = YES;
				CLANG_WARN_CONSTANT_CONVERSION = YES;
				CLANG_WARN_DIRECT_OBJC_ISA_USAGE = YES_ERROR;
				CLANG_WARN_EMPTY_BODY = YES;
				CLANG_WARN_ENUM_CONVERSION = YES;
				CLANG_WARN_INT_CONVERSION = YES;
				CLANG_WARN_OBJC_ROOT_CLASS = YES_ERROR;
				CLANG_WARN_UNREACHABLE_CODE = YES;
				CLANG_WARN__DUPLICATE_METHOD_MATCH = YES;
				"CODE_SIGN_IDENTITY[sdk=iphoneos*]" = "iPhone Developer";
				COPY_PHASE_STRIP = NO;
				DEBUG_INFORMATION_FORMAT = "dwarf-with-dsym";
				ENABLE_NS_ASSERTIONS = NO;
				ENABLE_STRICT_OBJC_MSGSEND = YES;
				GCC_C_LANGUAGE_STANDARD = gnu99;
				GCC_NO_COMMON_BLOCKS = YES;
				GCC_WARN_64_TO_32_BIT_CONVERSION = YES;
				GCC_WARN_ABOUT_RETURN_TYPE = YES_ERROR;
				GCC_WARN_UNDECLARED_SELECTOR = YES;
				GCC_WARN_UNINITIALIZED_AUTOS = YES_AGGRESSIVE;
				GCC_WARN_UNUSED_FUNCTION = YES;
				GCC_WARN_UNUSED_VARIABLE = YES;
				IPHONEOS_DEPLOYMENT_TARGET = 9.3;
				MTL_ENABLE_DEBUG_INFO = NO;
				SDKROOT = iphoneos;
				TARGETED_DEVICE_FAMILY = "1,2";
				VALIDATE_PRODUCT = YES;
			};
			name = Release;
		};
		52AF99001D074FF4005C51F7 /* Debug */ = {
			isa = XCBuildConfiguration;
			buildSettings = {
				ASSETCATALOG_COMPILER_APPICON_NAME = AppIcon;
				INFOPLIST_FILE = "Tic Tac Toe/Info.plist";
				LD_RUNPATH_SEARCH_PATHS = "$(inherited) @executable_path/Frameworks";
				PRODUCT_BUNDLE_IDENTIFIER = "ca.advect.Tic-Tac-Toe";
				PRODUCT_NAME = "$(TARGET_NAME)";
			};
			name = Debug;
		};
		52AF99011D074FF4005C51F7 /* Release */ = {
			isa = XCBuildConfiguration;
			buildSettings = {
				ASSETCATALOG_COMPILER_APPICON_NAME = AppIcon;
				INFOPLIST_FILE = "Tic Tac Toe/Info.plist";
				LD_RUNPATH_SEARCH_PATHS = "$(inherited) @executable_path/Frameworks";
				PRODUCT_BUNDLE_IDENTIFIER = "ca.advect.Tic-Tac-Toe";
				PRODUCT_NAME = "$(TARGET_NAME)";
			};
			name = Release;
		};
		52AF99031D074FF4005C51F7 /* Debug */ = {
			isa = XCBuildConfiguration;
			buildSettings = {
				BUNDLE_LOADER = "$(TEST_HOST)";
				INFOPLIST_FILE = "Tic Tac ToeTests/Info.plist";
				LD_RUNPATH_SEARCH_PATHS = "$(inherited) @executable_path/Frameworks @loader_path/Frameworks";
				PRODUCT_BUNDLE_IDENTIFIER = "ca.advect.Tic-Tac-ToeTests";
				PRODUCT_NAME = "$(TARGET_NAME)";
				TEST_HOST = "$(BUILT_PRODUCTS_DIR)/Tic Tac Toe.app/Tic Tac Toe";
			};
			name = Debug;
		};
		52AF99041D074FF4005C51F7 /* Release */ = {
			isa = XCBuildConfiguration;
			buildSettings = {
				BUNDLE_LOADER = "$(TEST_HOST)";
				INFOPLIST_FILE = "Tic Tac ToeTests/Info.plist";
				LD_RUNPATH_SEARCH_PATHS = "$(inherited) @executable_path/Frameworks @loader_path/Frameworks";
				PRODUCT_BUNDLE_IDENTIFIER = "ca.advect.Tic-Tac-ToeTests";
				PRODUCT_NAME = "$(TARGET_NAME)";
				TEST_HOST = "$(BUILT_PRODUCTS_DIR)/Tic Tac Toe.app/Tic Tac Toe";
			};
			name = Release;
		};
/* End XCBuildConfiguration section */

/* Begin XCConfigurationList section */
		52AF98DA1D074FF4005C51F7 /* Build configuration list for PBXProject "Tic Tac Toe" */ = {
			isa = XCConfigurationList;
			buildConfigurations = (
				52AF98FD1D074FF4005C51F7 /* Debug */,
				52AF98FE1D074FF4005C51F7 /* Release */,
			);
			defaultConfigurationIsVisible = 0;
			defaultConfigurationName = Release;
		};
		52AF98FF1D074FF4005C51F7 /* Build configuration list for PBXNativeTarget "Tic Tac Toe" */ = {
			isa = XCConfigurationList;
			buildConfigurations = (
				52AF99001D074FF4005C51F7 /* Debug */,
				52AF99011D074FF4005C51F7 /* Release */,
			);
			defaultConfigurationIsVisible = 0;
		};
		52AF99021D074FF4005C51F7 /* Build configuration list for PBXNativeTarget "Tic Tac ToeTests" */ = {
			isa = XCConfigurationList;
			buildConfigurations = (
				52AF99031D074FF4005C51F7 /* Debug */,
				52AF99041D074FF4005C51F7 /* Release */,
			);
			defaultConfigurationIsVisible = 0;
		};
/* End XCConfigurationList section */

/* Begin XCVersionGroup section */
		52AF98E91D074FF4005C51F7 /* Tic_Tac_Toe.xcdatamodeld */ = {
			isa = XCVersionGroup;
			children = (
				52AF98EA1D074FF4005C51F7 /* Tic_Tac_Toe.xcdatamodel */,
			);
			currentVersion = 52AF98EA1D074FF4005C51F7 /* Tic_Tac_Toe.xcdatamodel */;
			path = Tic_Tac_Toe.xcdatamodeld;
			sourceTree = "<group>";
			versionGroupType = wrapper.xcdatamodel;
		};
/* End XCVersionGroup section */
	};
	rootObject = 52AF98D71D074FF4005C51F7 /* Project object */;
}
